
Microsoft Visual Studio Solution File, Format Version 12.00
# Visual Studio 15
VisualStudioVersion = 15.0.27428.2043
MinimumVisualStudioVersion = 10.0.40219.1
Project("{FAE04EC0-301F-11D3-BF4B-00C04F79EFBC}") = "Homework02", "Homework02\Homework02.csproj", "{C3431C60-9870-4E41-8B56-34B1A7A6FD8D}"
EndProject
Global
	GlobalSection(SolutionConfigurationPlatforms) = preSolution
		Debug|Any CPU = Debug|Any CPU
		Release|Any CPU = Release|Any CPU
	EndGlobalSection
	GlobalSection(ProjectConfigurationPlatforms) = postSolution
		{C3431C60-9870-4E41-8B56-34B1A7A6FD8D}.Debug|Any CPU.ActiveCfg = Debug|Any CPU
		{C3431C60-9870-4E41-8B56-34B1A7A6FD8D}.Debug|Any CPU.Build.0 = Debug|Any CPU
		{C3431C60-9870-4E41-8B56-34B1A7A6FD8D}.Release|Any CPU.ActiveCfg = Release|Any CPU
		{C3431C60-9870-4E41-8B56-34B1A7A6FD8D}.Release|Any CPU.Build.0 = Release|Any CPU
	EndGlobalSection
	GlobalSection(SolutionProperties) = preSolution
		HideSolutionNode = FALSE
	EndGlobalSection
	GlobalSection(ExtensibilityGlobals) = postSolution
		SolutionGuid = {0737A5DF-C218-430F-9F38-B902F5408A87}
	EndGlobalSection
EndGlobal
